
Microsoft Visual Studio Solution File, Format Version 12.00
# Visual Studio Version 17
VisualStudioVersion = 17.4.33213.308
MinimumVisualStudioVersion = 10.0.40219.1
Project("{FAE04EC0-301F-11D3-BF4B-00C04F79EFBC}") = "Heroes vs Monster", "Heroes vs Monster\Heroes vs Monster.csproj", "{BC86F88D-4F1E-4056-90D5-E2971EBCDF65}"
EndProject
Global
	GlobalSection(SolutionConfigurationPlatforms) = preSolution
		Debug|Any CPU = Debug|Any CPU
		Release|Any CPU = Release|Any CPU
	EndGlobalSection
	GlobalSection(ProjectConfigurationPlatforms) = postSolution
		{BC86F88D-4F1E-4056-90D5-E2971EBCDF65}.Debug|Any CPU.ActiveCfg = Debug|Any CPU
		{BC86F88D-4F1E-4056-90D5-E2971EBCDF65}.Debug|Any CPU.Build.0 = Debug|Any CPU
		{BC86F88D-4F1E-4056-90D5-E2971EBCDF65}.Release|Any CPU.ActiveCfg = Release|Any CPU
		{BC86F88D-4F1E-4056-90D5-E2971EBCDF65}.Release|Any CPU.Build.0 = Release|Any CPU
	EndGlobalSection
	GlobalSection(SolutionProperties) = preSolution
		HideSolutionNode = FALSE
	EndGlobalSection
	GlobalSection(ExtensibilityGlobals) = postSolution
		SolutionGuid = {97EB20E8-F482-4269-999D-078569F06D67}
	EndGlobalSection
EndGlobal
